// !$*UTF8*$!
{
	archiveVersion = 1;
	classes = {
	};
	objectVersion = 46;
	objects = {

/* Begin PBXBuildFile section */
		373328961E6132BC00FE7F0A /* main.m in Sources */ = {isa = PBXBuildFile; fileRef = 373328951E6132BC00FE7F0A /* main.m */; };
		373328991E6132BC00FE7F0A /* AppDelegate.m in Sources */ = {isa = PBXBuildFile; fileRef = 373328981E6132BC00FE7F0A /* AppDelegate.m */; };
		3733289C1E6132BC00FE7F0A /* ViewController.m in Sources */ = {isa = PBXBuildFile; fileRef = 3733289B1E6132BC00FE7F0A /* ViewController.m */; };
		3733289F1E6132BC00FE7F0A /* Main.storyboard in Resources */ = {isa = PBXBuildFile; fileRef = 3733289D1E6132BC00FE7F0A /* Main.storyboard */; };
		373328A21E6132BC00FE7F0A /* runtimeKit.xcdatamodeld in Sources */ = {isa = PBXBuildFile; fileRef = 373328A01E6132BC00FE7F0A /* runtimeKit.xcdatamodeld */; };
		373328A41E6132BC00FE7F0A /* Assets.xcassets in Resources */ = {isa = PBXBuildFile; fileRef = 373328A31E6132BC00FE7F0A /* Assets.xcassets */; };
		373328A71E6132BC00FE7F0A /* LaunchScreen.storyboard in Resources */ = {isa = PBXBuildFile; fileRef = 373328A51E6132BC00FE7F0A /* LaunchScreen.storyboard */; };
		5ADC58C12273E82B00BA81D5 /* runtimeKit.m in Sources */ = {isa = PBXBuildFile; fileRef = 5ADC58C02273E82B00BA81D5 /* runtimeKit.m */; };
		5ADC58C922740C7300BA81D5 /* runtimeKit.xcconfig in Resources */ = {isa = PBXBuildFile; fileRef = 5ADC58C822740C7300BA81D5 /* runtimeKit.xcconfig */; };
		5ADC58CC22740D2000BA81D5 /* File.s in Sources */ = {isa = PBXBuildFile; fileRef = 5ADC58CB22740D2000BA81D5 /* File.s */; };
		C91AC25363ABD8A689127341 /* libPods-runtimeKit.a in Frameworks */ = {isa = PBXBuildFile; fileRef = 9FFDE8EBFD570A91F2A21E02 /* libPods-runtimeKit.a */; };
/* End PBXBuildFile section */

/* Begin PBXFileReference section */
		16FFDB7E4C71B57FC1FE5EE5 /* Pods-runtimeKit.debug.xcconfig */ = {isa = PBXFileReference; includeInIndex = 1; lastKnownFileType = text.xcconfig; name = "Pods-runtimeKit.debug.xcconfig"; path = "Pods/Target Support Files/Pods-runtimeKit/Pods-runtimeKit.debug.xcconfig"; sourceTree = "<group>"; };
		373328911E6132BC00FE7F0A /* runtimeKit.app */ = {isa = PBXFileReference; explicitFileType = wrapper.application; includeInIndex = 0; path = runtimeKit.app; sourceTree = BUILT_PRODUCTS_DIR; };
		373328951E6132BC00FE7F0A /* main.m */ = {isa = PBXFileReference; lastKnownFileType = sourcecode.c.objc; path = main.m; sourceTree = "<group>"; };
		373328971E6132BC00FE7F0A /* AppDelegate.h */ = {isa = PBXFileReference; lastKnownFileType = sourcecode.c.h; path = AppDelegate.h; sourceTree = "<group>"; };
		373328981E6132BC00FE7F0A /* AppDelegate.m */ = {isa = PBXFileReference; lastKnownFileType = sourcecode.c.objc; path = AppDelegate.m; sourceTree = "<group>"; };
		3733289A1E6132BC00FE7F0A /* ViewController.h */ = {isa = PBXFileReference; lastKnownFileType = sourcecode.c.h; path = ViewController.h; sourceTree = "<group>"; };
		3733289B1E6132BC00FE7F0A /* ViewController.m */ = {isa = PBXFileReference; lastKnownFileType = sourcecode.c.objc; path = ViewController.m; sourceTree = "<group>"; };
		3733289E1E6132BC00FE7F0A /* Base */ = {isa = PBXFileReference; lastKnownFileType = file.storyboard; name = Base; path = Base.lproj/Main.storyboard; sourceTree = "<group>"; };
		373328A11E6132BC00FE7F0A /* runtimeKit.xcdatamodel */ = {isa = PBXFileReference; lastKnownFileType = wrapper.xcdatamodel; path = runtimeKit.xcdatamodel; sourceTree = "<group>"; };
		373328A31E6132BC00FE7F0A /* Assets.xcassets */ = {isa = PBXFileReference; lastKnownFileType = folder.assetcatalog; path = Assets.xcassets; sourceTree = "<group>"; };
		373328A61E6132BC00FE7F0A /* Base */ = {isa = PBXFileReference; lastKnownFileType = file.storyboard; name = Base; path = Base.lproj/LaunchScreen.storyboard; sourceTree = "<group>"; };
		373328A81E6132BC00FE7F0A /* Info.plist */ = {isa = PBXFileReference; lastKnownFileType = text.plist.xml; path = Info.plist; sourceTree = "<group>"; };
		570D20673929CCF1B43E41E0 /* Pods-runtimeKit.release.xcconfig */ = {isa = PBXFileReference; includeInIndex = 1; lastKnownFileType = text.xcconfig; name = "Pods-runtimeKit.release.xcconfig"; path = "Pods/Target Support Files/Pods-runtimeKit/Pods-runtimeKit.release.xcconfig"; sourceTree = "<group>"; };
		5ADC58BF2273E82B00BA81D5 /* runtimeKit.h */ = {isa = PBXFileReference; fileEncoding = 4; lastKnownFileType = sourcecode.c.h; path = runtimeKit.h; sourceTree = "<group>"; };
		5ADC58C02273E82B00BA81D5 /* runtimeKit.m */ = {isa = PBXFileReference; fileEncoding = 4; lastKnownFileType = sourcecode.c.objc; path = runtimeKit.m; sourceTree = "<group>"; };
		5ADC58C822740C7300BA81D5 /* runtimeKit.xcconfig */ = {isa = PBXFileReference; lastKnownFileType = text.xcconfig; path = runtimeKit.xcconfig; sourceTree = "<group>"; };
		5ADC58CA22740CB700BA81D5 /* Script.sh */ = {isa = PBXFileReference; lastKnownFileType = text.script.sh; path = Script.sh; sourceTree = "<group>"; };
		5ADC58CB22740D2000BA81D5 /* File.s */ = {isa = PBXFileReference; lastKnownFileType = sourcecode.asm; path = File.s; sourceTree = "<group>"; };
		5ADC58CD22740D3100BA81D5 /* FileList.xcfilelist */ = {isa = PBXFileReference; lastKnownFileType = text.xcfilelist; path = FileList.xcfilelist; sourceTree = "<group>"; };
		5ADC58CE22740D6900BA81D5 /* File.clp */ = {isa = PBXFileReference; lastKnownFileType = sourcecode.clips; path = File.clp; sourceTree = "<group>"; };
		5ADC58D022740E0F00BA81D5 /* README.md */ = {isa = PBXFileReference; lastKnownFileType = net.daringfireball.markdown; path = README.md; sourceTree = "<group>"; };
		9FFDE8EBFD570A91F2A21E02 /* libPods-runtimeKit.a */ = {isa = PBXFileReference; explicitFileType = archive.ar; includeInIndex = 0; path = "libPods-runtimeKit.a"; sourceTree = BUILT_PRODUCTS_DIR; };
/* End PBXFileReference section */

/* Begin PBXFrameworksBuildPhase section */
		3733288E1E6132BC00FE7F0A /* Frameworks */ = {
			isa = PBXFrameworksBuildPhase;
			buildActionMask = 2147483647;
			files = (
				C91AC25363ABD8A689127341 /* libPods-runtimeKit.a in Frameworks */,
			);
			runOnlyForDeploymentPostprocessing = 0;
		};
/* End PBXFrameworksBuildPhase section */

/* Begin PBXGroup section */
		373328881E6132BC00FE7F0A = {
			isa = PBXGroup;
			children = (
				5ADC58CA22740CB700BA81D5 /* Script.sh */,
				5ADC58D022740E0F00BA81D5 /* README.md */,
				5ADC58CB22740D2000BA81D5 /* File.s */,
				5ADC58CD22740D3100BA81D5 /* FileList.xcfilelist */,
				5ADC58CE22740D6900BA81D5 /* File.clp */,
				373328931E6132BC00FE7F0A /* runtimeKit */,
				373328921E6132BC00FE7F0A /* Products */,
				427EF2B8BE8D336910836011 /* Pods */,
				C0BBF3AB20110C9B51EA167F /* Frameworks */,
			);
			sourceTree = "<group>";
		};
		373328921E6132BC00FE7F0A /* Products */ = {
			isa = PBXGroup;
			children = (
				373328911E6132BC00FE7F0A /* runtimeKit.app */,
			);
			name = Products;
			sourceTree = "<group>";
		};
		373328931E6132BC00FE7F0A /* runtimeKit */ = {
			isa = PBXGroup;
			children = (
				5ADC58BE2273E82B00BA81D5 /* runtimeKit */,
				373328971E6132BC00FE7F0A /* AppDelegate.h */,
				373328981E6132BC00FE7F0A /* AppDelegate.m */,
				3733289A1E6132BC00FE7F0A /* ViewController.h */,
				3733289B1E6132BC00FE7F0A /* ViewController.m */,
				3733289D1E6132BC00FE7F0A /* Main.storyboard */,
				373328A31E6132BC00FE7F0A /* Assets.xcassets */,
				373328A51E6132BC00FE7F0A /* LaunchScreen.storyboard */,
				373328A81E6132BC00FE7F0A /* Info.plist */,
				373328A01E6132BC00FE7F0A /* runtimeKit.xcdatamodeld */,
				373328941E6132BC00FE7F0A /* Supporting Files */,
			);
			path = runtimeKit;
			sourceTree = "<group>";
		};
		373328941E6132BC00FE7F0A /* Supporting Files */ = {
			isa = PBXGroup;
			children = (
				373328951E6132BC00FE7F0A /* main.m */,
			);
			name = "Supporting Files";
			sourceTree = "<group>";
		};
		427EF2B8BE8D336910836011 /* Pods */ = {
			isa = PBXGroup;
			children = (
				16FFDB7E4C71B57FC1FE5EE5 /* Pods-runtimeKit.debug.xcconfig */,
				5ADC58C822740C7300BA81D5 /* runtimeKit.xcconfig */,
				570D20673929CCF1B43E41E0 /* Pods-runtimeKit.release.xcconfig */,
			);
			name = Pods;
			sourceTree = "<group>";
		};
		5ADC58BE2273E82B00BA81D5 /* runtimeKit */ = {
			isa = PBXGroup;
			children = (
				5ADC58BF2273E82B00BA81D5 /* runtimeKit.h */,
				5ADC58C02273E82B00BA81D5 /* runtimeKit.m */,
			);
			name = runtimeKit;
			path = ../../runtimeKit;
			sourceTree = "<group>";
		};
		C0BBF3AB20110C9B51EA167F /* Frameworks */ = {
			isa = PBXGroup;
			children = (
				9FFDE8EBFD570A91F2A21E02 /* libPods-runtimeKit.a */,
			);
			name = Frameworks;
			sourceTree = "<group>";
		};
/* End PBXGroup section */

/* Begin PBXNativeTarget section */
		373328901E6132BC00FE7F0A /* runtimeKit */ = {
			isa = PBXNativeTarget;
			buildConfigurationList = 373328AB1E6132BC00FE7F0A /* Build configuration list for PBXNativeTarget "runtimeKit" */;
			buildPhases = (
				19A1B7F47B6BC32005B23A49 /* [CP] Check Pods Manifest.lock */,
				3733288D1E6132BC00FE7F0A /* Sources */,
				3733288E1E6132BC00FE7F0A /* Frameworks */,
				3733288F1E6132BC00FE7F0A /* Resources */,
			);
			buildRules = (
			);
			dependencies = (
			);
			name = runtimeKit;
			productName = runtimeKit;
			productReference = 373328911E6132BC00FE7F0A /* runtimeKit.app */;
			productType = "com.apple.product-type.application";
		};
/* End PBXNativeTarget section */

/* Begin PBXProject section */
		373328891E6132BC00FE7F0A /* Project object */ = {
			isa = PBXProject;
			attributes = {
				LastUpgradeCheck = 1020;
				ORGANIZATIONNAME = yuanmenglong;
				TargetAttributes = {
					373328901E6132BC00FE7F0A = {
						CreatedOnToolsVersion = 8.2.1;
						DevelopmentTeam = GNJ7D82T3M;
						ProvisioningStyle = Automatic;
					};
				};
			};
			buildConfigurationList = 3733288C1E6132BC00FE7F0A /* Build configuration list for PBXProject "runtimeKit" */;
			compatibilityVersion = "Xcode 3.2";
			developmentRegion = en;
			hasScannedForEncodings = 0;
			knownRegions = (
				en,
				Base,
			);
			mainGroup = 373328881E6132BC00FE7F0A;
			productRefGroup = 373328921E6132BC00FE7F0A /* Products */;
			projectDirPath = "";
			projectRoot = "";
			targets = (
				373328901E6132BC00FE7F0A /* runtimeKit */,
			);
		};
/* End PBXProject section */

/* Begin PBXResourcesBuildPhase section */
		3733288F1E6132BC00FE7F0A /* Resources */ = {
			isa = PBXResourcesBuildPhase;
			buildActionMask = 2147483647;
			files = (
				5ADC58C922740C7300BA81D5 /* runtimeKit.xcconfig in Resources */,
				373328A71E6132BC00FE7F0A /* LaunchScreen.storyboard in Resources */,
				373328A41E6132BC00FE7F0A /* Assets.xcassets in Resources */,
				3733289F1E6132BC00FE7F0A /* Main.storyboard in Resources */,
			);
			runOnlyForDeploymentPostprocessing = 0;
		};
/* End PBXResourcesBuildPhase section */

/* Begin PBXShellScriptBuildPhase section */
		19A1B7F47B6BC32005B23A49 /* [CP] Check Pods Manifest.lock */ = {
			isa = PBXShellScriptBuildPhase;
			buildActionMask = 2147483647;
			files = (
			);
			inputPaths = (
				"${PODS_PODFILE_DIR_PATH}/Podfile.lock",
				"${PODS_ROOT}/Manifest.lock",
			);
			name = "[CP] Check Pods Manifest.lock";
			outputPaths = (
				"$(DERIVED_FILE_DIR)/Pods-runtimeKit-checkManifestLockResult.txt",
			);
			runOnlyForDeploymentPostprocessing = 0;
			shellPath = /bin/sh;
			shellScript = "diff \"${PODS_PODFILE_DIR_PATH}/Podfile.lock\" \"${PODS_ROOT}/Manifest.lock\" > /dev/null\nif [ $? != 0 ] ; then\n    # print error to STDERR\n    echo \"error: The sandbox is not in sync with the Podfile.lock. Run 'pod install' or update your CocoaPods installation.\" >&2\n    exit 1\nfi\n# This output is used by Xcode 'outputs' to avoid re-running this script phase.\necho \"SUCCESS\" > \"${SCRIPT_OUTPUT_FILE_0}\"\n";
			showEnvVarsInLog = 0;
		};
/* End PBXShellScriptBuildPhase section */

/* Begin PBXSourcesBuildPhase section */
		3733288D1E6132BC00FE7F0A /* Sources */ = {
			isa = PBXSourcesBuildPhase;
			buildActionMask = 2147483647;
			files = (
				3733289C1E6132BC00FE7F0A /* ViewController.m in Sources */,
				373328991E6132BC00FE7F0A /* AppDelegate.m in Sources */,
				5ADC58C12273E82B00BA81D5 /* runtimeKit.m in Sources */,
				373328961E6132BC00FE7F0A /* main.m in Sources */,
				373328A21E6132BC00FE7F0A /* runtimeKit.xcdatamodeld in Sources */,
				5ADC58CC22740D2000BA81D5 /* File.s in Sources */,
			);
			runOnlyForDeploymentPostprocessing = 0;
		};
/* End PBXSourcesBuildPhase section */

/* Begin PBXVariantGroup section */
		3733289D1E6132BC00FE7F0A /* Main.storyboard */ = {
			isa = PBXVariantGroup;
			children = (
				3733289E1E6132BC00FE7F0A /* Base */,
			);
			name = Main.storyboard;
			sourceTree = "<group>";
		};
		373328A51E6132BC00FE7F0A /* LaunchScreen.storyboard */ = {
			isa = PBXVariantGroup;
			children = (
				373328A61E6132BC00FE7F0A /* Base */,
			);
			name = LaunchScreen.storyboard;
			sourceTree = "<group>";
		};
/* End PBXVariantGroup section */

/* Begin XCBuildConfiguration section */
		373328A91E6132BC00FE7F0A /* Debug */ = {
			isa = XCBuildConfiguration;
			buildSettings = {
				ALWAYS_SEARCH_USER_PATHS = NO;
				CLANG_ANALYZER_LOCALIZABILITY_NONLOCALIZED = YES;
				CLANG_ANALYZER_NONNULL = YES;
				CLANG_CXX_LANGUAGE_STANDARD = "gnu++0x";
				CLANG_CXX_LIBRARY = "libc++";
				CLANG_ENABLE_MODULES = YES;
				CLANG_ENABLE_OBJC_ARC = YES;
				CLANG_WARN_BLOCK_CAPTURE_AUTORELEASING = YES;
				CLANG_WARN_BOOL_CONVERSION = YES;
				CLANG_WARN_COMMA = YES;
				CLANG_WARN_CONSTANT_CONVERSION = YES;
				CLANG_WARN_DEPRECATED_OBJC_IMPLEMENTATIONS = YES;
				CLANG_WARN_DIRECT_OBJC_ISA_USAGE = YES_ERROR;
				CLANG_WARN_DOCUMENTATION_COMMENTS = YES;
				CLANG_WARN_EMPTY_BODY = YES;
				CLANG_WARN_ENUM_CONVERSION = YES;
				CLANG_WARN_INFINITE_RECURSION = YES;
				CLANG_WARN_INT_CONVERSION = YES;
				CLANG_WARN_NON_LITERAL_NULL_CONVERSION = YES;
				CLANG_WARN_OBJC_IMPLICIT_RETAIN_SELF = YES;
				CLANG_WARN_OBJC_LITERAL_CONVERSION = YES;
				CLANG_WARN_OBJC_ROOT_CLASS = YES_ERROR;
				CLANG_WARN_RANGE_LOOP_ANALYSIS = YES;
				CLANG_WARN_STRICT_PROTOTYPES = YES;
				CLANG_WARN_SUSPICIOUS_MOVE = YES;
				CLANG_WARN_UNREACHABLE_CODE = YES;
				CLANG_WARN__DUPLICATE_METHOD_MATCH = YES;
				"CODE_SIGN_IDENTITY[sdk=iphoneos*]" = "iPhone Developer";
				COPY_PHASE_STRIP = NO;
				DEBUG_INFORMATION_FORMAT = dwarf;
				ENABLE_STRICT_OBJC_MSGSEND = YES;
				ENABLE_TESTABILITY = YES;
				GCC_C_LANGUAGE_STANDARD = gnu99;
				GCC_DYNAMIC_NO_PIC = NO;
				GCC_NO_COMMON_BLOCKS = YES;
				GCC_OPTIMIZATION_LEVEL = 0;
				GCC_PREPROCESSOR_DEFINITIONS = (
					"DEBUG=1",
					"$(inherited)",
				);
				GCC_WARN_64_TO_32_BIT_CONVERSION = YES;
				GCC_WARN_ABOUT_RETURN_TYPE = YES_ERROR;
				GCC_WARN_UNDECLARED_SELECTOR = YES;
				GCC_WARN_UNINITIALIZED_AUTOS = YES_AGGRESSIVE;
				GCC_WARN_UNUSED_FUNCTION = YES;
				GCC_WARN_UNUSED_VARIABLE = YES;
				IPHONEOS_DEPLOYMENT_TARGET = 9.0;
				MTL_ENABLE_DEBUG_INFO = YES;
				ONLY_ACTIVE_ARCH = YES;
				SDKROOT = iphoneos;
			};
			name = Debug;
		};
		373328AA1E6132BC00FE7F0A /* Release */ = {
			isa = XCBuildConfiguration;
			buildSettings = {
				ALWAYS_SEARCH_USER_PATHS = NO;
				CLANG_ANALYZER_LOCALIZABILITY_NONLOCALIZED = YES;
				CLANG_ANALYZER_NONNULL = YES;
				CLANG_CXX_LANGUAGE_STANDARD = "gnu++0x";
				CLANG_CXX_LIBRARY = "libc++";
				CLANG_ENABLE_MODULES = YES;
				CLANG_ENABLE_OBJC_ARC = YES;
				CLANG_WARN_BLOCK_CAPTURE_AUTORELEASING = YES;
				CLANG_WARN_BOOL_CONVERSION = YES;
				CLANG_WARN_COMMA = YES;
				CLANG_WARN_CONSTANT_CONVERSION = YES;
				CLANG_WARN_DEPRECATED_OBJC_IMPLEMENTATIONS = YES;
				CLANG_WARN_DIRECT_OBJC_ISA_USAGE = YES_ERROR;
				CLANG_WARN_DOCUMENTATION_COMMENTS = YES;
				CLANG_WARN_EMPTY_BODY = YES;
				CLANG_WARN_ENUM_CONVERSION = YES;
				CLANG_WARN_INFINITE_RECURSION = YES;
				CLANG_WARN_INT_CONVERSION = YES;
				CLANG_WARN_NON_LITERAL_NULL_CONVERSION = YES;
				CLANG_WARN_OBJC_IMPLICIT_RETAIN_SELF = YES;
				CLANG_WARN_OBJC_LITERAL_CONVERSION = YES;
				CLANG_WARN_OBJC_ROOT_CLASS = YES_ERROR;
				CLANG_WARN_RANGE_LOOP_ANALYSIS = YES;
				CLANG_WARN_STRICT_PROTOTYPES = YES;
				CLANG_WARN_SUSPICIOUS_MOVE = YES;
				CLANG_WARN_UNREACHABLE_CODE = YES;
				CLANG_WARN__DUPLICATE_METHOD_MATCH = YES;
				"CODE_SIGN_IDENTITY[sdk=iphoneos*]" = "iPhone Developer";
				COPY_PHASE_STRIP = NO;
				DEBUG_INFORMATION_FORMAT = "dwarf-with-dsym";
				ENABLE_NS_ASSERTIONS = NO;
				ENABLE_STRICT_OBJC_MSGSEND = YES;
				GCC_C_LANGUAGE_STANDARD = gnu99;
				GCC_NO_COMMON_BLOCKS = YES;
				GCC_WARN_64_TO_32_BIT_CONVERSION = YES;
				GCC_WARN_ABOUT_RETURN_TYPE = YES_ERROR;
				GCC_WARN_UNDECLARED_SELECTOR = YES;
				GCC_WARN_UNINITIALIZED_AUTOS = YES_AGGRESSIVE;
				GCC_WARN_UNUSED_FUNCTION = YES;
				GCC_WARN_UNUSED_VARIABLE = YES;
				IPHONEOS_DEPLOYMENT_TARGET = 9.0;
				MTL_ENABLE_DEBUG_INFO = NO;
				SDKROOT = iphoneos;
				VALIDATE_PRODUCT = YES;
			};
			name = Release;
		};
		373328AC1E6132BC00FE7F0A /* Debug */ = {
			isa = XCBuildConfiguration;
			baseConfigurationReference = 5ADC58C822740C7300BA81D5 /* runtimeKit.xcconfig */;
			buildSettings = {
				ASSETCATALOG_COMPILER_APPICON_NAME = AppIcon;
				DEVELOPMENT_TEAM = GNJ7D82T3M;
				INFOPLIST_FILE = runtimeKit/Info.plist;
				LD_RUNPATH_SEARCH_PATHS = "$(inherited) @executable_path/Frameworks";
				PRODUCT_BUNDLE_IDENTIFIER = com.58moneybox.runtimeKit;
				PRODUCT_NAME = "$(TARGET_NAME)";
			};
			name = Debug;
		};
		373328AD1E6132BC00FE7F0A /* Release */ = {
			isa = XCBuildConfiguration;
			baseConfigurationReference = 570D20673929CCF1B43E41E0 /* Pods-runtimeKit.release.xcconfig */;
			buildSettings = {
				ASSETCATALOG_COMPILER_APPICON_NAME = AppIcon;
				DEVELOPMENT_TEAM = GNJ7D82T3M;
				INFOPLIST_FILE = runtimeKit/Info.plist;
				LD_RUNPATH_SEARCH_PATHS = "$(inherited) @executable_path/Frameworks";
				PRODUCT_BUNDLE_IDENTIFIER = com.58moneybox.runtimeKit;
				PRODUCT_NAME = "$(TARGET_NAME)";
			};
			name = Release;
		};
/* End XCBuildConfiguration section */

/* Begin XCConfigurationList section */
		3733288C1E6132BC00FE7F0A /* Build configuration list for PBXProject "runtimeKit" */ = {
			isa = XCConfigurationList;
			buildConfigurations = (
				373328A91E6132BC00FE7F0A /* Debug */,
				373328AA1E6132BC00FE7F0A /* Release */,
			);
			defaultConfigurationIsVisible = 0;
			defaultConfigurationName = Debug;
		};
		373328AB1E6132BC00FE7F0A /* Build configuration list for PBXNativeTarget "runtimeKit" */ = {
			isa = XCConfigurationList;
			buildConfigurations = (
				373328AC1E6132BC00FE7F0A /* Debug */,
				373328AD1E6132BC00FE7F0A /* Release */,
			);
			defaultConfigurationIsVisible = 0;
			defaultConfigurationName = Debug;
		};
/* End XCConfigurationList section */

/* Begin XCVersionGroup section */
		373328A01E6132BC00FE7F0A /* runtimeKit.xcdatamodeld */ = {
			isa = XCVersionGroup;
			children = (
				373328A11E6132BC00FE7F0A /* runtimeKit.xcdatamodel */,
			);
			currentVersion = 373328A11E6132BC00FE7F0A /* runtimeKit.xcdatamodel */;
			path = runtimeKit.xcdatamodeld;
			sourceTree = "<group>";
			versionGroupType = wrapper.xcdatamodel;
		};
/* End XCVersionGroup section */
	};
	rootObject = 373328891E6132BC00FE7F0A /* Project object */;
}
